
Microsoft Visual Studio Solution File, Format Version 12.00
# Visual Studio Version 17
VisualStudioVersion = 17.9.34622.214
MinimumVisualStudioVersion = 10.0.40219.1
Project("{9A19103F-16F7-4668-BE54-9A1E7A4F7556}") = "Sales Application", "Sales Application.csproj", "{F7AEC51C-80B6-44E0-9D6D-C4E6683AA1D9}"
EndProject
Global
	GlobalSection(SolutionConfigurationPlatforms) = preSolution
		Debug|Any CPU = Debug|Any CPU
		Release|Any CPU = Release|Any CPU
	EndGlobalSection
	GlobalSection(ProjectConfigurationPlatforms) = postSolution
		{F7AEC51C-80B6-44E0-9D6D-C4E6683AA1D9}.Debug|Any CPU.ActiveCfg = Debug|Any CPU
		{F7AEC51C-80B6-44E0-9D6D-C4E6683AA1D9}.Debug|Any CPU.Build.0 = Debug|Any CPU
		{F7AEC51C-80B6-44E0-9D6D-C4E6683AA1D9}.Release|Any CPU.ActiveCfg = Release|Any CPU
		{F7AEC51C-80B6-44E0-9D6D-C4E6683AA1D9}.Release|Any CPU.Build.0 = Release|Any CPU
	EndGlobalSection
	GlobalSection(SolutionProperties) = preSolution
		HideSolutionNode = FALSE
	EndGlobalSection
	GlobalSection(ExtensibilityGlobals) = postSolution
		SolutionGuid = {6537379C-5FB8-4279-9037-042974A82457}
	EndGlobalSection
EndGlobal
